
Microsoft Visual Studio Solution File, Format Version 12.00
# Visual Studio Version 16
VisualStudioVersion = 16.0.31624.102
MinimumVisualStudioVersion = 10.0.40219.1
Project("{FAE04EC0-301F-11D3-BF4B-00C04F79EFBC}") = "P01AplikacjaOkienkowaWstep", "P01AplikacjaOkienkowaWstep\P01AplikacjaOkienkowaWstep.csproj", "{9445E48F-FFA1-4F99-ACE5-99651F82F7AC}"
EndProject
Project("{FAE04EC0-301F-11D3-BF4B-00C04F79EFBC}") = "P02ZadanieKalkulator", "P02ZadanieKalkulator\P02ZadanieKalkulator.csproj", "{A4BB06CE-A53B-409D-BC5E-5CAE6D1E3A8A}"
EndProject
Project("{FAE04EC0-301F-11D3-BF4B-00C04F79EFBC}") = "P03KontrolkaListbox", "P03KontrolkaListbox\P03KontrolkaListbox.csproj", "{FAB69DA0-F997-4223-B83B-FB37FCE3A30A}"
EndProject
Project("{FAE04EC0-301F-11D3-BF4B-00C04F79EFBC}") = "P04BibliotekaZawodnicy", "P04BibliotekaZawodnicy\P04BibliotekaZawodnicy.csproj", "{536F120F-ADBB-4037-A502-1E4E53F06631}"
EndProject
Project("{FAE04EC0-301F-11D3-BF4B-00C04F79EFBC}") = "P05DataBinding", "P05DataBinding\P05DataBinding.csproj", "{CE628F27-8109-45A1-BE1B-989CB4B107EC}"
EndProject
Project("{FAE04EC0-301F-11D3-BF4B-00C04F79EFBC}") = "P06RzutowanieDanych", "P06RzutowanieDanych\P06RzutowanieDanych.csproj", "{3CC49A8D-9C84-4FDA-9D17-FFB6C07B3C90}"
EndProject
Global
	GlobalSection(SolutionConfigurationPlatforms) = preSolution
		Debug|Any CPU = Debug|Any CPU
		Release|Any CPU = Release|Any CPU
	EndGlobalSection
	GlobalSection(ProjectConfigurationPlatforms) = postSolution
		{9445E48F-FFA1-4F99-ACE5-99651F82F7AC}.Debug|Any CPU.ActiveCfg = Debug|Any CPU
		{9445E48F-FFA1-4F99-ACE5-99651F82F7AC}.Debug|Any CPU.Build.0 = Debug|Any CPU
		{9445E48F-FFA1-4F99-ACE5-99651F82F7AC}.Release|Any CPU.ActiveCfg = Release|Any CPU
		{9445E48F-FFA1-4F99-ACE5-99651F82F7AC}.Release|Any CPU.Build.0 = Release|Any CPU
		{A4BB06CE-A53B-409D-BC5E-5CAE6D1E3A8A}.Debug|Any CPU.ActiveCfg = Debug|Any CPU
		{A4BB06CE-A53B-409D-BC5E-5CAE6D1E3A8A}.Debug|Any CPU.Build.0 = Debug|Any CPU
		{A4BB06CE-A53B-409D-BC5E-5CAE6D1E3A8A}.Release|Any CPU.ActiveCfg = Release|Any CPU
		{A4BB06CE-A53B-409D-BC5E-5CAE6D1E3A8A}.Release|Any CPU.Build.0 = Release|Any CPU
		{FAB69DA0-F997-4223-B83B-FB37FCE3A30A}.Debug|Any CPU.ActiveCfg = Debug|Any CPU
		{FAB69DA0-F997-4223-B83B-FB37FCE3A30A}.Debug|Any CPU.Build.0 = Debug|Any CPU
		{FAB69DA0-F997-4223-B83B-FB37FCE3A30A}.Release|Any CPU.ActiveCfg = Release|Any CPU
		{FAB69DA0-F997-4223-B83B-FB37FCE3A30A}.Release|Any CPU.Build.0 = Release|Any CPU
		{536F120F-ADBB-4037-A502-1E4E53F06631}.Debug|Any CPU.ActiveCfg = Debug|Any CPU
		{536F120F-ADBB-4037-A502-1E4E53F06631}.Debug|Any CPU.Build.0 = Debug|Any CPU
		{536F120F-ADBB-4037-A502-1E4E53F06631}.Release|Any CPU.ActiveCfg = Release|Any CPU
		{536F120F-ADBB-4037-A502-1E4E53F06631}.Release|Any CPU.Build.0 = Release|Any CPU
		{CE628F27-8109-45A1-BE1B-989CB4B107EC}.Debug|Any CPU.ActiveCfg = Debug|Any CPU
		{CE628F27-8109-45A1-BE1B-989CB4B107EC}.Debug|Any CPU.Build.0 = Debug|Any CPU
		{CE628F27-8109-45A1-BE1B-989CB4B107EC}.Release|Any CPU.ActiveCfg = Release|Any CPU
		{CE628F27-8109-45A1-BE1B-989CB4B107EC}.Release|Any CPU.Build.0 = Release|Any CPU
		{3CC49A8D-9C84-4FDA-9D17-FFB6C07B3C90}.Debug|Any CPU.ActiveCfg = Debug|Any CPU
		{3CC49A8D-9C84-4FDA-9D17-FFB6C07B3C90}.Debug|Any CPU.Build.0 = Debug|Any CPU
		{3CC49A8D-9C84-4FDA-9D17-FFB6C07B3C90}.Release|Any CPU.ActiveCfg = Release|Any CPU
		{3CC49A8D-9C84-4FDA-9D17-FFB6C07B3C90}.Release|Any CPU.Build.0 = Release|Any CPU
	EndGlobalSection
	GlobalSection(SolutionProperties) = preSolution
		HideSolutionNode = FALSE
	EndGlobalSection
	GlobalSection(ExtensibilityGlobals) = postSolution
		SolutionGuid = {6090F620-5FB9-43D7-8EF4-5A37BD09178C}
	EndGlobalSection
EndGlobal
